// !$*UTF8*$!
{
	archiveVersion = 1;
	classes = {
	};
	objectVersion = 56;
	objects = {

/* Begin PBXBuildFile section */
		0E1E24F32C00D09200955938 /* Coordinator.swift in Sources */ = {isa = PBXBuildFile; fileRef = 0E1E24F22C00D09200955938 /* Coordinator.swift */; };
		0E1E24F72C00D0DA00955938 /* TempCommon.swift in Sources */ = {isa = PBXBuildFile; fileRef = 0E1E24F62C00D0DA00955938 /* TempCommon.swift */; };
		0E1E24F92C00D0F700955938 /* TempDesign.swift in Sources */ = {isa = PBXBuildFile; fileRef = 0E1E24F82C00D0F700955938 /* TempDesign.swift */; };
		0E1E25032C00D17200955938 /* Moya.swift in Sources */ = {isa = PBXBuildFile; fileRef = 0E1E25022C00D17200955938 /* Moya.swift */; };
		0E1E25052C00D1CA00955938 /* TempDTO.swift in Sources */ = {isa = PBXBuildFile; fileRef = 0E1E25042C00D1CA00955938 /* TempDTO.swift */; };
		0E1E25092C00D1D800955938 /* TempService.swift in Sources */ = {isa = PBXBuildFile; fileRef = 0E1E25082C00D1D800955938 /* TempService.swift */; };
		0E1E250D2C00D1ED00955938 /* TempError.swift in Sources */ = {isa = PBXBuildFile; fileRef = 0E1E250C2C00D1ED00955938 /* TempError.swift */; };
		0E5F11E42C18189600542C26 /* Date+.swift in Sources */ = {isa = PBXBuildFile; fileRef = 0E5F11E32C18189600542C26 /* Date+.swift */; };
		0E83A6B62C09FA0400EB662B /* Schedule.swift in Sources */ = {isa = PBXBuildFile; fileRef = 0E83A6B52C09FA0400EB662B /* Schedule.swift */; };
		0E83A6B82C0A02F200EB662B /* Routine.swift in Sources */ = {isa = PBXBuildFile; fileRef = 0E83A6B72C0A02F200EB662B /* Routine.swift */; };
		0E83A6BB2C0A0CAD00EB662B /* EmojiType.swift in Sources */ = {isa = PBXBuildFile; fileRef = 0E83A6BA2C0A0CAD00EB662B /* EmojiType.swift */; };
		0E83A6BF2C0A162A00EB662B /* PomodoroTimer.swift in Sources */ = {isa = PBXBuildFile; fileRef = 0E83A6BE2C0A162A00EB662B /* PomodoroTimer.swift */; };
		0EC109682C1188060028D38C /* FetchScheduleListUseCase.swift in Sources */ = {isa = PBXBuildFile; fileRef = 0EC109672C1188060028D38C /* FetchScheduleListUseCase.swift */; };
		0EC1096A2C11881E0028D38C /* DeleteScheduleUseCase.swift in Sources */ = {isa = PBXBuildFile; fileRef = 0EC109692C11881E0028D38C /* DeleteScheduleUseCase.swift */; };
		0EC1096C2C11885F0028D38C /* UpdateScheduleUseCase.swift in Sources */ = {isa = PBXBuildFile; fileRef = 0EC1096B2C11885F0028D38C /* UpdateScheduleUseCase.swift */; };
		0EC109702C1188A50028D38C /* FetchRoutineUseCase.swift in Sources */ = {isa = PBXBuildFile; fileRef = 0EC1096F2C1188A50028D38C /* FetchRoutineUseCase.swift */; };
		0EC109782C1189300028D38C /* UpdateRoutineUseCase.swift in Sources */ = {isa = PBXBuildFile; fileRef = 0EC109772C1189300028D38C /* UpdateRoutineUseCase.swift */; };
		0EC1097A2C1189380028D38C /* DeleteRoutineUseCase.swift in Sources */ = {isa = PBXBuildFile; fileRef = 0EC109792C1189380028D38C /* DeleteRoutineUseCase.swift */; };
		0EC109842C12235C0028D38C /* ScheduleRepositoryProtocol.swift in Sources */ = {isa = PBXBuildFile; fileRef = 0EC109832C12235C0028D38C /* ScheduleRepositoryProtocol.swift */; };
		0EC109862C1223690028D38C /* RoutineRepositoryProtocol.swift in Sources */ = {isa = PBXBuildFile; fileRef = 0EC109852C1223690028D38C /* RoutineRepositoryProtocol.swift */; };
		0EC109882C1224240028D38C /* RoutineRepository.swift in Sources */ = {isa = PBXBuildFile; fileRef = 0EC109872C1224240028D38C /* RoutineRepository.swift */; };
		0EC1098E2C12265F0028D38C /* ScheduleRepository.swift in Sources */ = {isa = PBXBuildFile; fileRef = 0EC1098D2C12265F0028D38C /* ScheduleRepository.swift */; };
		0EC109902C12278F0028D38C /* FetchRoutineListUseCase.swift in Sources */ = {isa = PBXBuildFile; fileRef = 0EC1098F2C12278F0028D38C /* FetchRoutineListUseCase.swift */; };
		0EC109922C1227A20028D38C /* CreateRoutineUseCase.swift in Sources */ = {isa = PBXBuildFile; fileRef = 0EC109912C1227A20028D38C /* CreateRoutineUseCase.swift */; };
		0EC109942C1228A00028D38C /* CreateScheduleUseCase.swift in Sources */ = {isa = PBXBuildFile; fileRef = 0EC109932C1228A00028D38C /* CreateScheduleUseCase.swift */; };
		0EC109962C122C960028D38C /* FetchScheduleUseCase.swift in Sources */ = {isa = PBXBuildFile; fileRef = 0EC109952C122C960028D38C /* FetchScheduleUseCase.swift */; };
		0EC109982C122CFB0028D38C /* MoveTomorrowScheduleUseCase.swift in Sources */ = {isa = PBXBuildFile; fileRef = 0EC109972C122CFB0028D38C /* MoveTomorrowScheduleUseCase.swift */; };
		160500362C0DBE5E00FF226D /* Diary.swift in Sources */ = {isa = PBXBuildFile; fileRef = 160500352C0DBE5E00FF226D /* Diary.swift */; };
		160500382C0DBE6800FF226D /* Focus.swift in Sources */ = {isa = PBXBuildFile; fileRef = 160500372C0DBE6700FF226D /* Focus.swift */; };
		16A24A482BFCD7A500B028A8 /* AppDelegate.swift in Sources */ = {isa = PBXBuildFile; fileRef = 16A24A472BFCD7A500B028A8 /* AppDelegate.swift */; };
		16A24A4A2BFCD7A500B028A8 /* SceneDelegate.swift in Sources */ = {isa = PBXBuildFile; fileRef = 16A24A492BFCD7A500B028A8 /* SceneDelegate.swift */; };
		16A24A4C2BFCD7A500B028A8 /* ViewController.swift in Sources */ = {isa = PBXBuildFile; fileRef = 16A24A4B2BFCD7A500B028A8 /* ViewController.swift */; };
		16A24A512BFCD7A700B028A8 /* Assets.xcassets in Resources */ = {isa = PBXBuildFile; fileRef = 16A24A502BFCD7A700B028A8 /* Assets.xcassets */; };
		16A24A542BFCD7A700B028A8 /* Base in Resources */ = {isa = PBXBuildFile; fileRef = 16A24A532BFCD7A700B028A8 /* Base */; };
		16A24A5F2BFCD7A700B028A8 /* toduckTests.swift in Sources */ = {isa = PBXBuildFile; fileRef = 16A24A5E2BFCD7A700B028A8 /* toduckTests.swift */; };
		16A24A692BFCD7A700B028A8 /* toduckUITests.swift in Sources */ = {isa = PBXBuildFile; fileRef = 16A24A682BFCD7A700B028A8 /* toduckUITests.swift */; };
		16A24A6B2BFCD7A700B028A8 /* toduckUITestsLaunchTests.swift in Sources */ = {isa = PBXBuildFile; fileRef = 16A24A6A2BFCD7A700B028A8 /* toduckUITestsLaunchTests.swift */; };
		16A24A792BFCE17600B028A8 /* OHHTTPStubs in Frameworks */ = {isa = PBXBuildFile; productRef = 16A24A782BFCE17600B028A8 /* OHHTTPStubs */; };
		16A24A7B2BFCE17600B028A8 /* OHHTTPStubsSwift in Frameworks */ = {isa = PBXBuildFile; productRef = 16A24A7A2BFCE17600B028A8 /* OHHTTPStubsSwift */; };
		16A24A7E2BFCE19D00B028A8 /* SnapKit in Frameworks */ = {isa = PBXBuildFile; productRef = 16A24A7D2BFCE19D00B028A8 /* SnapKit */; };
		16A24A812BFCE1AF00B028A8 /* Then in Frameworks */ = {isa = PBXBuildFile; productRef = 16A24A802BFCE1AF00B028A8 /* Then */; };
		16A24A842BFCE1CD00B028A8 /* Kingfisher in Frameworks */ = {isa = PBXBuildFile; productRef = 16A24A832BFCE1CD00B028A8 /* Kingfisher */; };
		16A24A872BFCE23800B028A8 /* CombineMoya in Frameworks */ = {isa = PBXBuildFile; productRef = 16A24A862BFCE23800B028A8 /* CombineMoya */; };
		16A24A892BFCE23800B028A8 /* Moya in Frameworks */ = {isa = PBXBuildFile; productRef = 16A24A882BFCE23800B028A8 /* Moya */; };
		16B83AF72C18868900A72E32 /* Emotion.swift in Sources */ = {isa = PBXBuildFile; fileRef = 16B83AF62C18868900A72E32 /* Emotion.swift */; };
		16FAD2842C16D59C00BF746A /* CreateDiaryUseCase.swift in Sources */ = {isa = PBXBuildFile; fileRef = 16FAD2832C16D59C00BF746A /* CreateDiaryUseCase.swift */; };
		16FAD2862C16D5AE00BF746A /* FetchDiaryUseCase.swift in Sources */ = {isa = PBXBuildFile; fileRef = 16FAD2852C16D5AE00BF746A /* FetchDiaryUseCase.swift */; };
		16FAD2882C16D5BF00BF746A /* UpdateDiaryUseCase.swift in Sources */ = {isa = PBXBuildFile; fileRef = 16FAD2872C16D5BF00BF746A /* UpdateDiaryUseCase.swift */; };
		16FAD28A2C16D5DB00BF746A /* DeleteDiaryUseCase.swift in Sources */ = {isa = PBXBuildFile; fileRef = 16FAD2892C16D5DB00BF746A /* DeleteDiaryUseCase.swift */; };
		16FAD28C2C16DBE600BF746A /* DiaryRepositoryProtocol.swift in Sources */ = {isa = PBXBuildFile; fileRef = 16FAD28B2C16DBE600BF746A /* DiaryRepositoryProtocol.swift */; };
		16FAD28E2C16DD3200BF746A /* DiaryRepository.swift in Sources */ = {isa = PBXBuildFile; fileRef = 16FAD28D2C16DD3200BF746A /* DiaryRepository.swift */; };
/* End PBXBuildFile section */

/* Begin PBXContainerItemProxy section */
		16A24A5B2BFCD7A700B028A8 /* PBXContainerItemProxy */ = {
			isa = PBXContainerItemProxy;
			containerPortal = 16A24A3C2BFCD7A500B028A8 /* Project object */;
			proxyType = 1;
			remoteGlobalIDString = 16A24A432BFCD7A500B028A8;
			remoteInfo = toduck;
		};
		16A24A652BFCD7A700B028A8 /* PBXContainerItemProxy */ = {
			isa = PBXContainerItemProxy;
			containerPortal = 16A24A3C2BFCD7A500B028A8 /* Project object */;
			proxyType = 1;
			remoteGlobalIDString = 16A24A432BFCD7A500B028A8;
			remoteInfo = toduck;
		};
/* End PBXContainerItemProxy section */

/* Begin PBXFileReference section */
		0E1E24F22C00D09200955938 /* Coordinator.swift */ = {isa = PBXFileReference; lastKnownFileType = sourcecode.swift; path = Coordinator.swift; sourceTree = "<group>"; };
		0E1E24F62C00D0DA00955938 /* TempCommon.swift */ = {isa = PBXFileReference; lastKnownFileType = sourcecode.swift; path = TempCommon.swift; sourceTree = "<group>"; };
		0E1E24F82C00D0F700955938 /* TempDesign.swift */ = {isa = PBXFileReference; lastKnownFileType = sourcecode.swift; path = TempDesign.swift; sourceTree = "<group>"; };
		0E1E25022C00D17200955938 /* Moya.swift */ = {isa = PBXFileReference; lastKnownFileType = sourcecode.swift; path = Moya.swift; sourceTree = "<group>"; };
		0E1E25042C00D1CA00955938 /* TempDTO.swift */ = {isa = PBXFileReference; lastKnownFileType = sourcecode.swift; path = TempDTO.swift; sourceTree = "<group>"; };
		0E1E25082C00D1D800955938 /* TempService.swift */ = {isa = PBXFileReference; lastKnownFileType = sourcecode.swift; path = TempService.swift; sourceTree = "<group>"; };
		0E1E250C2C00D1ED00955938 /* TempError.swift */ = {isa = PBXFileReference; lastKnownFileType = sourcecode.swift; path = TempError.swift; sourceTree = "<group>"; };
		0E5F11E32C18189600542C26 /* Date+.swift */ = {isa = PBXFileReference; lastKnownFileType = sourcecode.swift; path = "Date+.swift"; sourceTree = "<group>"; };
		0E83A6B52C09FA0400EB662B /* Schedule.swift */ = {isa = PBXFileReference; lastKnownFileType = sourcecode.swift; path = Schedule.swift; sourceTree = "<group>"; };
		0E83A6B72C0A02F200EB662B /* Routine.swift */ = {isa = PBXFileReference; lastKnownFileType = sourcecode.swift; path = Routine.swift; sourceTree = "<group>"; };
		0E83A6BA2C0A0CAD00EB662B /* EmojiType.swift */ = {isa = PBXFileReference; lastKnownFileType = sourcecode.swift; path = EmojiType.swift; sourceTree = "<group>"; };
		0E83A6BE2C0A162A00EB662B /* PomodoroTimer.swift */ = {isa = PBXFileReference; lastKnownFileType = sourcecode.swift; path = PomodoroTimer.swift; sourceTree = "<group>"; };
		0EC109672C1188060028D38C /* FetchScheduleListUseCase.swift */ = {isa = PBXFileReference; lastKnownFileType = sourcecode.swift; path = FetchScheduleListUseCase.swift; sourceTree = "<group>"; };
		0EC109692C11881E0028D38C /* DeleteScheduleUseCase.swift */ = {isa = PBXFileReference; lastKnownFileType = sourcecode.swift; path = DeleteScheduleUseCase.swift; sourceTree = "<group>"; };
		0EC1096B2C11885F0028D38C /* UpdateScheduleUseCase.swift */ = {isa = PBXFileReference; lastKnownFileType = sourcecode.swift; path = UpdateScheduleUseCase.swift; sourceTree = "<group>"; };
		0EC1096F2C1188A50028D38C /* FetchRoutineUseCase.swift */ = {isa = PBXFileReference; lastKnownFileType = sourcecode.swift; path = FetchRoutineUseCase.swift; sourceTree = "<group>"; };
		0EC109772C1189300028D38C /* UpdateRoutineUseCase.swift */ = {isa = PBXFileReference; lastKnownFileType = sourcecode.swift; path = UpdateRoutineUseCase.swift; sourceTree = "<group>"; };
		0EC109792C1189380028D38C /* DeleteRoutineUseCase.swift */ = {isa = PBXFileReference; lastKnownFileType = sourcecode.swift; path = DeleteRoutineUseCase.swift; sourceTree = "<group>"; };
		0EC109832C12235C0028D38C /* ScheduleRepositoryProtocol.swift */ = {isa = PBXFileReference; lastKnownFileType = sourcecode.swift; path = ScheduleRepositoryProtocol.swift; sourceTree = "<group>"; };
		0EC109852C1223690028D38C /* RoutineRepositoryProtocol.swift */ = {isa = PBXFileReference; lastKnownFileType = sourcecode.swift; path = RoutineRepositoryProtocol.swift; sourceTree = "<group>"; };
		0EC109872C1224240028D38C /* RoutineRepository.swift */ = {isa = PBXFileReference; lastKnownFileType = sourcecode.swift; path = RoutineRepository.swift; sourceTree = "<group>"; };
		0EC1098D2C12265F0028D38C /* ScheduleRepository.swift */ = {isa = PBXFileReference; lastKnownFileType = sourcecode.swift; path = ScheduleRepository.swift; sourceTree = "<group>"; };
		0EC1098F2C12278F0028D38C /* FetchRoutineListUseCase.swift */ = {isa = PBXFileReference; lastKnownFileType = sourcecode.swift; path = FetchRoutineListUseCase.swift; sourceTree = "<group>"; };
		0EC109912C1227A20028D38C /* CreateRoutineUseCase.swift */ = {isa = PBXFileReference; lastKnownFileType = sourcecode.swift; path = CreateRoutineUseCase.swift; sourceTree = "<group>"; };
		0EC109932C1228A00028D38C /* CreateScheduleUseCase.swift */ = {isa = PBXFileReference; lastKnownFileType = sourcecode.swift; path = CreateScheduleUseCase.swift; sourceTree = "<group>"; };
		0EC109952C122C960028D38C /* FetchScheduleUseCase.swift */ = {isa = PBXFileReference; lastKnownFileType = sourcecode.swift; path = FetchScheduleUseCase.swift; sourceTree = "<group>"; };
		0EC109972C122CFB0028D38C /* MoveTomorrowScheduleUseCase.swift */ = {isa = PBXFileReference; lastKnownFileType = sourcecode.swift; path = MoveTomorrowScheduleUseCase.swift; sourceTree = "<group>"; };
		160500352C0DBE5E00FF226D /* Diary.swift */ = {isa = PBXFileReference; lastKnownFileType = sourcecode.swift; path = Diary.swift; sourceTree = "<group>"; };
		160500372C0DBE6700FF226D /* Focus.swift */ = {isa = PBXFileReference; lastKnownFileType = sourcecode.swift; path = Focus.swift; sourceTree = "<group>"; };
		16A24A442BFCD7A500B028A8 /* toduck.app */ = {isa = PBXFileReference; explicitFileType = wrapper.application; includeInIndex = 0; path = toduck.app; sourceTree = BUILT_PRODUCTS_DIR; };
		16A24A472BFCD7A500B028A8 /* AppDelegate.swift */ = {isa = PBXFileReference; lastKnownFileType = sourcecode.swift; path = AppDelegate.swift; sourceTree = "<group>"; };
		16A24A492BFCD7A500B028A8 /* SceneDelegate.swift */ = {isa = PBXFileReference; lastKnownFileType = sourcecode.swift; path = SceneDelegate.swift; sourceTree = "<group>"; };
		16A24A4B2BFCD7A500B028A8 /* ViewController.swift */ = {isa = PBXFileReference; lastKnownFileType = sourcecode.swift; path = ViewController.swift; sourceTree = "<group>"; };
		16A24A502BFCD7A700B028A8 /* Assets.xcassets */ = {isa = PBXFileReference; lastKnownFileType = folder.assetcatalog; name = Assets.xcassets; path = toduck/Resource/Assets.xcassets; sourceTree = SOURCE_ROOT; };
		16A24A532BFCD7A700B028A8 /* Base */ = {isa = PBXFileReference; lastKnownFileType = file.storyboard; name = Base; path = Base.lproj/LaunchScreen.storyboard; sourceTree = "<group>"; };
		16A24A552BFCD7A700B028A8 /* Info.plist */ = {isa = PBXFileReference; lastKnownFileType = text.plist.xml; name = Info.plist; path = toduck/App/Info.plist; sourceTree = SOURCE_ROOT; };
		16A24A5A2BFCD7A700B028A8 /* toduckTests.xctest */ = {isa = PBXFileReference; explicitFileType = wrapper.cfbundle; includeInIndex = 0; path = toduckTests.xctest; sourceTree = BUILT_PRODUCTS_DIR; };
		16A24A5E2BFCD7A700B028A8 /* toduckTests.swift */ = {isa = PBXFileReference; lastKnownFileType = sourcecode.swift; path = toduckTests.swift; sourceTree = "<group>"; };
		16A24A642BFCD7A700B028A8 /* toduckUITests.xctest */ = {isa = PBXFileReference; explicitFileType = wrapper.cfbundle; includeInIndex = 0; path = toduckUITests.xctest; sourceTree = BUILT_PRODUCTS_DIR; };
		16A24A682BFCD7A700B028A8 /* toduckUITests.swift */ = {isa = PBXFileReference; lastKnownFileType = sourcecode.swift; path = toduckUITests.swift; sourceTree = "<group>"; };
		16A24A6A2BFCD7A700B028A8 /* toduckUITestsLaunchTests.swift */ = {isa = PBXFileReference; lastKnownFileType = sourcecode.swift; path = toduckUITestsLaunchTests.swift; sourceTree = "<group>"; };
		16B83AF62C18868900A72E32 /* Emotion.swift */ = {isa = PBXFileReference; lastKnownFileType = sourcecode.swift; path = Emotion.swift; sourceTree = "<group>"; };
		16FAD2832C16D59C00BF746A /* CreateDiaryUseCase.swift */ = {isa = PBXFileReference; lastKnownFileType = sourcecode.swift; path = CreateDiaryUseCase.swift; sourceTree = "<group>"; };
		16FAD2852C16D5AE00BF746A /* FetchDiaryUseCase.swift */ = {isa = PBXFileReference; lastKnownFileType = sourcecode.swift; path = FetchDiaryUseCase.swift; sourceTree = "<group>"; };
		16FAD2872C16D5BF00BF746A /* UpdateDiaryUseCase.swift */ = {isa = PBXFileReference; lastKnownFileType = sourcecode.swift; path = UpdateDiaryUseCase.swift; sourceTree = "<group>"; };
		16FAD2892C16D5DB00BF746A /* DeleteDiaryUseCase.swift */ = {isa = PBXFileReference; lastKnownFileType = sourcecode.swift; path = DeleteDiaryUseCase.swift; sourceTree = "<group>"; };
		16FAD28B2C16DBE600BF746A /* DiaryRepositoryProtocol.swift */ = {isa = PBXFileReference; lastKnownFileType = sourcecode.swift; path = DiaryRepositoryProtocol.swift; sourceTree = "<group>"; };
		16FAD28D2C16DD3200BF746A /* DiaryRepository.swift */ = {isa = PBXFileReference; lastKnownFileType = sourcecode.swift; path = DiaryRepository.swift; sourceTree = "<group>"; };
/* End PBXFileReference section */

/* Begin PBXFrameworksBuildPhase section */
		16A24A412BFCD7A500B028A8 /* Frameworks */ = {
			isa = PBXFrameworksBuildPhase;
			buildActionMask = 2147483647;
			files = (
				16A24A7E2BFCE19D00B028A8 /* SnapKit in Frameworks */,
				16A24A792BFCE17600B028A8 /* OHHTTPStubs in Frameworks */,
				16A24A872BFCE23800B028A8 /* CombineMoya in Frameworks */,
				16A24A7B2BFCE17600B028A8 /* OHHTTPStubsSwift in Frameworks */,
				16A24A812BFCE1AF00B028A8 /* Then in Frameworks */,
				16A24A892BFCE23800B028A8 /* Moya in Frameworks */,
				16A24A842BFCE1CD00B028A8 /* Kingfisher in Frameworks */,
			);
			runOnlyForDeploymentPostprocessing = 0;
		};
		16A24A572BFCD7A700B028A8 /* Frameworks */ = {
			isa = PBXFrameworksBuildPhase;
			buildActionMask = 2147483647;
			files = (
			);
			runOnlyForDeploymentPostprocessing = 0;
		};
		16A24A612BFCD7A700B028A8 /* Frameworks */ = {
			isa = PBXFrameworksBuildPhase;
			buildActionMask = 2147483647;
			files = (
			);
			runOnlyForDeploymentPostprocessing = 0;
		};
/* End PBXFrameworksBuildPhase section */

/* Begin PBXGroup section */
		0E1E24EB2C00CFC400955938 /* App */ = {
			isa = PBXGroup;
			children = (
				16A24A472BFCD7A500B028A8 /* AppDelegate.swift */,
				16A24A492BFCD7A500B028A8 /* SceneDelegate.swift */,
				16A24A552BFCD7A700B028A8 /* Info.plist */,
			);
			path = App;
			sourceTree = "<group>";
		};
		0E1E24EC2C00D04600955938 /* Resource */ = {
			isa = PBXGroup;
			children = (
				16A24A502BFCD7A700B028A8 /* Assets.xcassets */,
			);
			path = Resource;
			sourceTree = "<group>";
		};
		0E1E24ED2C00D04C00955938 /* Source */ = {
			isa = PBXGroup;
			children = (
				0E83A6C02C0AD6DD00EB662B /* Extension */,
				0E1E24EE2C00D05700955938 /* Design */,
				0E1E24EF2C00D05F00955938 /* Protocol */,
				0E1E24F42C00D0C100955938 /* Presentation */,
				0E1E24F12C00D06800955938 /* Domain */,
				0E1E24F02C00D06400955938 /* Data */,
			);
			path = Source;
			sourceTree = "<group>";
		};
		0E1E24EE2C00D05700955938 /* Design */ = {
			isa = PBXGroup;
			children = (
				0E1E24F82C00D0F700955938 /* TempDesign.swift */,
			);
			path = Design;
			sourceTree = "<group>";
		};
		0E1E24EF2C00D05F00955938 /* Protocol */ = {
			isa = PBXGroup;
			children = (
				0E1E24F22C00D09200955938 /* Coordinator.swift */,
			);
			path = Protocol;
			sourceTree = "<group>";
		};
		0E1E24F02C00D06400955938 /* Data */ = {
			isa = PBXGroup;
			children = (
				0E1E25002C00D14600955938 /* DTO */,
				0E1E24FF2C00D13C00955938 /* Network */,
				0E1E24FE2C00D12B00955938 /* Repository */,
				0E1E25012C00D14C00955938 /* Service */,
			);
			path = Data;
			sourceTree = "<group>";
		};
		0E1E24F12C00D06800955938 /* Domain */ = {
			isa = PBXGroup;
			children = (
				0E1E24FD2C00D12500955938 /* Entity */,
				0E1E24FB2C00D11600955938 /* Error */,
				0E1E24FA2C00D10700955938 /* RepositoryProtocol */,
				0E1E24FC2C00D12000955938 /* UseCase */,
			);
			path = Domain;
			sourceTree = "<group>";
		};
		0E1E24F42C00D0C100955938 /* Presentation */ = {
			isa = PBXGroup;
			children = (
				0E1E24F52C00D0D000955938 /* Common */,
			);
			path = Presentation;
			sourceTree = "<group>";
		};
		0E1E24F52C00D0D000955938 /* Common */ = {
			isa = PBXGroup;
			children = (
				0E1E24F62C00D0DA00955938 /* TempCommon.swift */,
			);
			path = Common;
			sourceTree = "<group>";
		};
		0E1E24FA2C00D10700955938 /* RepositoryProtocol */ = {
			isa = PBXGroup;
			children = (
				16FAD28B2C16DBE600BF746A /* DiaryRepositoryProtocol.swift */,
				0EC109852C1223690028D38C /* RoutineRepositoryProtocol.swift */,
				0EC109832C12235C0028D38C /* ScheduleRepositoryProtocol.swift */,
			);
			path = RepositoryProtocol;
			sourceTree = "<group>";
		};
		0E1E24FB2C00D11600955938 /* Error */ = {
			isa = PBXGroup;
			children = (
				0E1E250C2C00D1ED00955938 /* TempError.swift */,
			);
			path = Error;
			sourceTree = "<group>";
		};
		0E1E24FC2C00D12000955938 /* UseCase */ = {
			isa = PBXGroup;
			children = (
				16FAD2832C16D59C00BF746A /* CreateDiaryUseCase.swift */,
				16FAD2852C16D5AE00BF746A /* FetchDiaryUseCase.swift */,
				16FAD2872C16D5BF00BF746A /* UpdateDiaryUseCase.swift */,
				16FAD2892C16D5DB00BF746A /* DeleteDiaryUseCase.swift */,
				0EC109912C1227A20028D38C /* CreateRoutineUseCase.swift */,
				0EC109932C1228A00028D38C /* CreateScheduleUseCase.swift */,
				0EC109792C1189380028D38C /* DeleteRoutineUseCase.swift */,
				0EC109692C11881E0028D38C /* DeleteScheduleUseCase.swift */,
				0EC1098F2C12278F0028D38C /* FetchRoutineListUseCase.swift */,
				0EC1096F2C1188A50028D38C /* FetchRoutineUseCase.swift */,
				0EC109672C1188060028D38C /* FetchScheduleListUseCase.swift */,
				0EC109952C122C960028D38C /* FetchScheduleUseCase.swift */,
				0EC109972C122CFB0028D38C /* MoveTomorrowScheduleUseCase.swift */,
				0EC109772C1189300028D38C /* UpdateRoutineUseCase.swift */,
				0EC1096B2C11885F0028D38C /* UpdateScheduleUseCase.swift */,
			);
			path = UseCase;
			sourceTree = "<group>";
		};
		0E1E24FD2C00D12500955938 /* Entity */ = {
			isa = PBXGroup;
			children = (
				160500352C0DBE5E00FF226D /* Diary.swift */,
				160500372C0DBE6700FF226D /* Focus.swift */,
				0E83A6B92C0A0C9A00EB662B /* Enum */,
				0E83A6B52C09FA0400EB662B /* Schedule.swift */,
				0E83A6B72C0A02F200EB662B /* Routine.swift */,
				0E83A6BE2C0A162A00EB662B /* PomodoroTimer.swift */,
			);
			path = Entity;
			sourceTree = "<group>";
		};
		0E1E24FE2C00D12B00955938 /* Repository */ = {
			isa = PBXGroup;
			children = (
				16FAD28D2C16DD3200BF746A /* DiaryRepository.swift */,
				0EC109872C1224240028D38C /* RoutineRepository.swift */,
				0EC1098D2C12265F0028D38C /* ScheduleRepository.swift */,
			);
			path = Repository;
			sourceTree = "<group>";
		};
		0E1E24FF2C00D13C00955938 /* Network */ = {
			isa = PBXGroup;
			children = (
				0E1E25022C00D17200955938 /* Moya.swift */,
			);
			path = Network;
			sourceTree = "<group>";
		};
		0E1E25002C00D14600955938 /* DTO */ = {
			isa = PBXGroup;
			children = (
				0E1E25042C00D1CA00955938 /* TempDTO.swift */,
			);
			path = DTO;
			sourceTree = "<group>";
		};
		0E1E25012C00D14C00955938 /* Service */ = {
			isa = PBXGroup;
			children = (
				0E1E25082C00D1D800955938 /* TempService.swift */,
			);
			path = Service;
			sourceTree = "<group>";
		};
		0E83A6B92C0A0C9A00EB662B /* Enum */ = {
			isa = PBXGroup;
			children = (
				0E83A6BA2C0A0CAD00EB662B /* EmojiType.swift */,
				16B83AF62C18868900A72E32 /* Emotion.swift */,
			);
			path = Enum;
			sourceTree = "<group>";
		};
		0E83A6C02C0AD6DD00EB662B /* Extension */ = {
			isa = PBXGroup;
			children = (
				0E5F11E32C18189600542C26 /* Date+.swift */,
			);
			path = Extension;
			sourceTree = "<group>";
		};
		16A24A3B2BFCD7A500B028A8 = {
			isa = PBXGroup;
			children = (
				16A24A462BFCD7A500B028A8 /* toduck */,
				16A24A5D2BFCD7A700B028A8 /* toduckTests */,
				16A24A672BFCD7A700B028A8 /* toduckUITests */,
				16A24A452BFCD7A500B028A8 /* Products */,
			);
			sourceTree = "<group>";
		};
		16A24A452BFCD7A500B028A8 /* Products */ = {
			isa = PBXGroup;
			children = (
				16A24A442BFCD7A500B028A8 /* toduck.app */,
				16A24A5A2BFCD7A700B028A8 /* toduckTests.xctest */,
				16A24A642BFCD7A700B028A8 /* toduckUITests.xctest */,
			);
			name = Products;
			sourceTree = "<group>";
		};
		16A24A462BFCD7A500B028A8 /* toduck */ = {
			isa = PBXGroup;
			children = (
				0E1E24EB2C00CFC400955938 /* App */,
				0E1E24EC2C00D04600955938 /* Resource */,
				0E1E24ED2C00D04C00955938 /* Source */,
				16A24A4B2BFCD7A500B028A8 /* ViewController.swift */,
				16A24A522BFCD7A700B028A8 /* LaunchScreen.storyboard */,
			);
			path = toduck;
			sourceTree = "<group>";
		};
		16A24A5D2BFCD7A700B028A8 /* toduckTests */ = {
			isa = PBXGroup;
			children = (
				16A24A5E2BFCD7A700B028A8 /* toduckTests.swift */,
			);
			path = toduckTests;
			sourceTree = "<group>";
		};
		16A24A672BFCD7A700B028A8 /* toduckUITests */ = {
			isa = PBXGroup;
			children = (
				16A24A682BFCD7A700B028A8 /* toduckUITests.swift */,
				16A24A6A2BFCD7A700B028A8 /* toduckUITestsLaunchTests.swift */,
			);
			path = toduckUITests;
			sourceTree = "<group>";
		};
/* End PBXGroup section */

/* Begin PBXNativeTarget section */
		16A24A432BFCD7A500B028A8 /* toduck */ = {
			isa = PBXNativeTarget;
			buildConfigurationList = 16A24A6E2BFCD7A700B028A8 /* Build configuration list for PBXNativeTarget "toduck" */;
			buildPhases = (
				16A24A402BFCD7A500B028A8 /* Sources */,
				16A24A412BFCD7A500B028A8 /* Frameworks */,
				16A24A422BFCD7A500B028A8 /* Resources */,
			);
			buildRules = (
			);
			dependencies = (
			);
			name = toduck;
			packageProductDependencies = (
				16A24A782BFCE17600B028A8 /* OHHTTPStubs */,
				16A24A7A2BFCE17600B028A8 /* OHHTTPStubsSwift */,
				16A24A7D2BFCE19D00B028A8 /* SnapKit */,
				16A24A802BFCE1AF00B028A8 /* Then */,
				16A24A832BFCE1CD00B028A8 /* Kingfisher */,
				16A24A862BFCE23800B028A8 /* CombineMoya */,
				16A24A882BFCE23800B028A8 /* Moya */,
			);
			productName = toduck;
			productReference = 16A24A442BFCD7A500B028A8 /* toduck.app */;
			productType = "com.apple.product-type.application";
		};
		16A24A592BFCD7A700B028A8 /* toduckTests */ = {
			isa = PBXNativeTarget;
			buildConfigurationList = 16A24A712BFCD7A700B028A8 /* Build configuration list for PBXNativeTarget "toduckTests" */;
			buildPhases = (
				16A24A562BFCD7A700B028A8 /* Sources */,
				16A24A572BFCD7A700B028A8 /* Frameworks */,
				16A24A582BFCD7A700B028A8 /* Resources */,
			);
			buildRules = (
			);
			dependencies = (
				16A24A5C2BFCD7A700B028A8 /* PBXTargetDependency */,
			);
			name = toduckTests;
			productName = toduckTests;
			productReference = 16A24A5A2BFCD7A700B028A8 /* toduckTests.xctest */;
			productType = "com.apple.product-type.bundle.unit-test";
		};
		16A24A632BFCD7A700B028A8 /* toduckUITests */ = {
			isa = PBXNativeTarget;
			buildConfigurationList = 16A24A742BFCD7A700B028A8 /* Build configuration list for PBXNativeTarget "toduckUITests" */;
			buildPhases = (
				16A24A602BFCD7A700B028A8 /* Sources */,
				16A24A612BFCD7A700B028A8 /* Frameworks */,
				16A24A622BFCD7A700B028A8 /* Resources */,
			);
			buildRules = (
			);
			dependencies = (
				16A24A662BFCD7A700B028A8 /* PBXTargetDependency */,
			);
			name = toduckUITests;
			productName = toduckUITests;
			productReference = 16A24A642BFCD7A700B028A8 /* toduckUITests.xctest */;
			productType = "com.apple.product-type.bundle.ui-testing";
		};
/* End PBXNativeTarget section */

/* Begin PBXProject section */
		16A24A3C2BFCD7A500B028A8 /* Project object */ = {
			isa = PBXProject;
			attributes = {
				BuildIndependentTargetsInParallel = 1;
				LastSwiftUpdateCheck = 1540;
				LastUpgradeCheck = 1540;
				TargetAttributes = {
					16A24A432BFCD7A500B028A8 = {
						CreatedOnToolsVersion = 15.4;
					};
					16A24A592BFCD7A700B028A8 = {
						CreatedOnToolsVersion = 15.4;
						TestTargetID = 16A24A432BFCD7A500B028A8;
					};
					16A24A632BFCD7A700B028A8 = {
						CreatedOnToolsVersion = 15.4;
						TestTargetID = 16A24A432BFCD7A500B028A8;
					};
				};
			};
			buildConfigurationList = 16A24A3F2BFCD7A500B028A8 /* Build configuration list for PBXProject "toduck" */;
			compatibilityVersion = "Xcode 14.0";
			developmentRegion = en;
			hasScannedForEncodings = 0;
			knownRegions = (
				en,
				Base,
			);
			mainGroup = 16A24A3B2BFCD7A500B028A8;
			packageReferences = (
				16A24A772BFCE17600B028A8 /* XCRemoteSwiftPackageReference "OHHTTPStubs" */,
				16A24A7C2BFCE19D00B028A8 /* XCRemoteSwiftPackageReference "SnapKit" */,
				16A24A7F2BFCE1AF00B028A8 /* XCRemoteSwiftPackageReference "Then" */,
				16A24A822BFCE1CD00B028A8 /* XCRemoteSwiftPackageReference "Kingfisher" */,
				16A24A852BFCE23800B028A8 /* XCRemoteSwiftPackageReference "Moya" */,
			);
			productRefGroup = 16A24A452BFCD7A500B028A8 /* Products */;
			projectDirPath = "";
			projectRoot = "";
			targets = (
				16A24A432BFCD7A500B028A8 /* toduck */,
				16A24A592BFCD7A700B028A8 /* toduckTests */,
				16A24A632BFCD7A700B028A8 /* toduckUITests */,
			);
		};
/* End PBXProject section */

/* Begin PBXResourcesBuildPhase section */
		16A24A422BFCD7A500B028A8 /* Resources */ = {
			isa = PBXResourcesBuildPhase;
			buildActionMask = 2147483647;
			files = (
				16A24A512BFCD7A700B028A8 /* Assets.xcassets in Resources */,
				16A24A542BFCD7A700B028A8 /* Base in Resources */,
			);
			runOnlyForDeploymentPostprocessing = 0;
		};
		16A24A582BFCD7A700B028A8 /* Resources */ = {
			isa = PBXResourcesBuildPhase;
			buildActionMask = 2147483647;
			files = (
			);
			runOnlyForDeploymentPostprocessing = 0;
		};
		16A24A622BFCD7A700B028A8 /* Resources */ = {
			isa = PBXResourcesBuildPhase;
			buildActionMask = 2147483647;
			files = (
			);
			runOnlyForDeploymentPostprocessing = 0;
		};
/* End PBXResourcesBuildPhase section */

/* Begin PBXSourcesBuildPhase section */
		16A24A402BFCD7A500B028A8 /* Sources */ = {
			isa = PBXSourcesBuildPhase;
			buildActionMask = 2147483647;
			files = (
				0EC1098E2C12265F0028D38C /* ScheduleRepository.swift in Sources */,
				0E83A6BB2C0A0CAD00EB662B /* EmojiType.swift in Sources */,
				0EC1096C2C11885F0028D38C /* UpdateScheduleUseCase.swift in Sources */,
				0EC109942C1228A00028D38C /* CreateScheduleUseCase.swift in Sources */,
				0E1E24F72C00D0DA00955938 /* TempCommon.swift in Sources */,
				16FAD2882C16D5BF00BF746A /* UpdateDiaryUseCase.swift in Sources */,
				0EC109962C122C960028D38C /* FetchScheduleUseCase.swift in Sources */,
				0E1E24F92C00D0F700955938 /* TempDesign.swift in Sources */,
				0E83A6B62C09FA0400EB662B /* Schedule.swift in Sources */,
				0E1E25032C00D17200955938 /* Moya.swift in Sources */,
				16FAD2842C16D59C00BF746A /* CreateDiaryUseCase.swift in Sources */,
				160500382C0DBE6800FF226D /* Focus.swift in Sources */,
				16FAD2862C16D5AE00BF746A /* FetchDiaryUseCase.swift in Sources */,
				0E1E24F32C00D09200955938 /* Coordinator.swift in Sources */,
				16FAD28C2C16DBE600BF746A /* DiaryRepositoryProtocol.swift in Sources */,
				16B83AF72C18868900A72E32 /* Emotion.swift in Sources */,
				16FAD28A2C16D5DB00BF746A /* DeleteDiaryUseCase.swift in Sources */,
				16FAD28E2C16DD3200BF746A /* DiaryRepository.swift in Sources */,
				0EC1096A2C11881E0028D38C /* DeleteScheduleUseCase.swift in Sources */,
				0E1E24F32C00D09200955938 /* Coordinator.swift in Sources */,
				0EC109902C12278F0028D38C /* FetchRoutineListUseCase.swift in Sources */,
				0EC109862C1223690028D38C /* RoutineRepositoryProtocol.swift in Sources */,
				16A24A4C2BFCD7A500B028A8 /* ViewController.swift in Sources */,
				0E5F11E42C18189600542C26 /* Date+.swift in Sources */,
				0E1E25052C00D1CA00955938 /* TempDTO.swift in Sources */,
				0EC109682C1188060028D38C /* FetchScheduleListUseCase.swift in Sources */,
				0EC109782C1189300028D38C /* UpdateRoutineUseCase.swift in Sources */,
				0E1E25092C00D1D800955938 /* TempService.swift in Sources */,
				160500362C0DBE5E00FF226D /* Diary.swift in Sources */,
				16A24A482BFCD7A500B028A8 /* AppDelegate.swift in Sources */,
				0EC1097A2C1189380028D38C /* DeleteRoutineUseCase.swift in Sources */,
				0EC109922C1227A20028D38C /* CreateRoutineUseCase.swift in Sources */,
				0E1E250D2C00D1ED00955938 /* TempError.swift in Sources */,
				0E83A6BF2C0A162A00EB662B /* PomodoroTimer.swift in Sources */,
				0EC109702C1188A50028D38C /* FetchRoutineUseCase.swift in Sources */,
				0E83A6B82C0A02F200EB662B /* Routine.swift in Sources */,
				0EC109982C122CFB0028D38C /* MoveTomorrowScheduleUseCase.swift in Sources */,
				0EC109842C12235C0028D38C /* ScheduleRepositoryProtocol.swift in Sources */,
				16A24A4A2BFCD7A500B028A8 /* SceneDelegate.swift in Sources */,
				0EC109882C1224240028D38C /* RoutineRepository.swift in Sources */,
			);
			runOnlyForDeploymentPostprocessing = 0;
		};
		16A24A562BFCD7A700B028A8 /* Sources */ = {
			isa = PBXSourcesBuildPhase;
			buildActionMask = 2147483647;
			files = (
				16A24A5F2BFCD7A700B028A8 /* toduckTests.swift in Sources */,
			);
			runOnlyForDeploymentPostprocessing = 0;
		};
		16A24A602BFCD7A700B028A8 /* Sources */ = {
			isa = PBXSourcesBuildPhase;
			buildActionMask = 2147483647;
			files = (
				16A24A6B2BFCD7A700B028A8 /* toduckUITestsLaunchTests.swift in Sources */,
				16A24A692BFCD7A700B028A8 /* toduckUITests.swift in Sources */,
			);
			runOnlyForDeploymentPostprocessing = 0;
		};
/* End PBXSourcesBuildPhase section */

/* Begin PBXTargetDependency section */
		16A24A5C2BFCD7A700B028A8 /* PBXTargetDependency */ = {
			isa = PBXTargetDependency;
			target = 16A24A432BFCD7A500B028A8 /* toduck */;
			targetProxy = 16A24A5B2BFCD7A700B028A8 /* PBXContainerItemProxy */;
		};
		16A24A662BFCD7A700B028A8 /* PBXTargetDependency */ = {
			isa = PBXTargetDependency;
			target = 16A24A432BFCD7A500B028A8 /* toduck */;
			targetProxy = 16A24A652BFCD7A700B028A8 /* PBXContainerItemProxy */;
		};
/* End PBXTargetDependency section */

/* Begin PBXVariantGroup section */
		16A24A522BFCD7A700B028A8 /* LaunchScreen.storyboard */ = {
			isa = PBXVariantGroup;
			children = (
				16A24A532BFCD7A700B028A8 /* Base */,
			);
			name = LaunchScreen.storyboard;
			sourceTree = "<group>";
		};
/* End PBXVariantGroup section */

/* Begin XCBuildConfiguration section */
		16A24A6C2BFCD7A700B028A8 /* Debug */ = {
			isa = XCBuildConfiguration;
			buildSettings = {
				ALWAYS_SEARCH_USER_PATHS = NO;
				ASSETCATALOG_COMPILER_GENERATE_SWIFT_ASSET_SYMBOL_EXTENSIONS = YES;
				CLANG_ANALYZER_NONNULL = YES;
				CLANG_ANALYZER_NUMBER_OBJECT_CONVERSION = YES_AGGRESSIVE;
				CLANG_CXX_LANGUAGE_STANDARD = "gnu++20";
				CLANG_ENABLE_MODULES = YES;
				CLANG_ENABLE_OBJC_ARC = YES;
				CLANG_ENABLE_OBJC_WEAK = YES;
				CLANG_WARN_BLOCK_CAPTURE_AUTORELEASING = YES;
				CLANG_WARN_BOOL_CONVERSION = YES;
				CLANG_WARN_COMMA = YES;
				CLANG_WARN_CONSTANT_CONVERSION = YES;
				CLANG_WARN_DEPRECATED_OBJC_IMPLEMENTATIONS = YES;
				CLANG_WARN_DIRECT_OBJC_ISA_USAGE = YES_ERROR;
				CLANG_WARN_DOCUMENTATION_COMMENTS = YES;
				CLANG_WARN_EMPTY_BODY = YES;
				CLANG_WARN_ENUM_CONVERSION = YES;
				CLANG_WARN_INFINITE_RECURSION = YES;
				CLANG_WARN_INT_CONVERSION = YES;
				CLANG_WARN_NON_LITERAL_NULL_CONVERSION = YES;
				CLANG_WARN_OBJC_IMPLICIT_RETAIN_SELF = YES;
				CLANG_WARN_OBJC_LITERAL_CONVERSION = YES;
				CLANG_WARN_OBJC_ROOT_CLASS = YES_ERROR;
				CLANG_WARN_QUOTED_INCLUDE_IN_FRAMEWORK_HEADER = YES;
				CLANG_WARN_RANGE_LOOP_ANALYSIS = YES;
				CLANG_WARN_STRICT_PROTOTYPES = YES;
				CLANG_WARN_SUSPICIOUS_MOVE = YES;
				CLANG_WARN_UNGUARDED_AVAILABILITY = YES_AGGRESSIVE;
				CLANG_WARN_UNREACHABLE_CODE = YES;
				CLANG_WARN__DUPLICATE_METHOD_MATCH = YES;
				COPY_PHASE_STRIP = NO;
				DEBUG_INFORMATION_FORMAT = dwarf;
				ENABLE_STRICT_OBJC_MSGSEND = YES;
				ENABLE_TESTABILITY = YES;
				ENABLE_USER_SCRIPT_SANDBOXING = YES;
				GCC_C_LANGUAGE_STANDARD = gnu17;
				GCC_DYNAMIC_NO_PIC = NO;
				GCC_NO_COMMON_BLOCKS = YES;
				GCC_OPTIMIZATION_LEVEL = 0;
				GCC_PREPROCESSOR_DEFINITIONS = (
					"DEBUG=1",
					"$(inherited)",
				);
				GCC_WARN_64_TO_32_BIT_CONVERSION = YES;
				GCC_WARN_ABOUT_RETURN_TYPE = YES_ERROR;
				GCC_WARN_UNDECLARED_SELECTOR = YES;
				GCC_WARN_UNINITIALIZED_AUTOS = YES_AGGRESSIVE;
				GCC_WARN_UNUSED_FUNCTION = YES;
				GCC_WARN_UNUSED_VARIABLE = YES;
				IPHONEOS_DEPLOYMENT_TARGET = 17.5;
				LOCALIZATION_PREFERS_STRING_CATALOGS = YES;
				MTL_ENABLE_DEBUG_INFO = INCLUDE_SOURCE;
				MTL_FAST_MATH = YES;
				ONLY_ACTIVE_ARCH = YES;
				SDKROOT = iphoneos;
				SWIFT_ACTIVE_COMPILATION_CONDITIONS = "DEBUG $(inherited)";
				SWIFT_OPTIMIZATION_LEVEL = "-Onone";
			};
			name = Debug;
		};
		16A24A6D2BFCD7A700B028A8 /* Release */ = {
			isa = XCBuildConfiguration;
			buildSettings = {
				ALWAYS_SEARCH_USER_PATHS = NO;
				ASSETCATALOG_COMPILER_GENERATE_SWIFT_ASSET_SYMBOL_EXTENSIONS = YES;
				CLANG_ANALYZER_NONNULL = YES;
				CLANG_ANALYZER_NUMBER_OBJECT_CONVERSION = YES_AGGRESSIVE;
				CLANG_CXX_LANGUAGE_STANDARD = "gnu++20";
				CLANG_ENABLE_MODULES = YES;
				CLANG_ENABLE_OBJC_ARC = YES;
				CLANG_ENABLE_OBJC_WEAK = YES;
				CLANG_WARN_BLOCK_CAPTURE_AUTORELEASING = YES;
				CLANG_WARN_BOOL_CONVERSION = YES;
				CLANG_WARN_COMMA = YES;
				CLANG_WARN_CONSTANT_CONVERSION = YES;
				CLANG_WARN_DEPRECATED_OBJC_IMPLEMENTATIONS = YES;
				CLANG_WARN_DIRECT_OBJC_ISA_USAGE = YES_ERROR;
				CLANG_WARN_DOCUMENTATION_COMMENTS = YES;
				CLANG_WARN_EMPTY_BODY = YES;
				CLANG_WARN_ENUM_CONVERSION = YES;
				CLANG_WARN_INFINITE_RECURSION = YES;
				CLANG_WARN_INT_CONVERSION = YES;
				CLANG_WARN_NON_LITERAL_NULL_CONVERSION = YES;
				CLANG_WARN_OBJC_IMPLICIT_RETAIN_SELF = YES;
				CLANG_WARN_OBJC_LITERAL_CONVERSION = YES;
				CLANG_WARN_OBJC_ROOT_CLASS = YES_ERROR;
				CLANG_WARN_QUOTED_INCLUDE_IN_FRAMEWORK_HEADER = YES;
				CLANG_WARN_RANGE_LOOP_ANALYSIS = YES;
				CLANG_WARN_STRICT_PROTOTYPES = YES;
				CLANG_WARN_SUSPICIOUS_MOVE = YES;
				CLANG_WARN_UNGUARDED_AVAILABILITY = YES_AGGRESSIVE;
				CLANG_WARN_UNREACHABLE_CODE = YES;
				CLANG_WARN__DUPLICATE_METHOD_MATCH = YES;
				COPY_PHASE_STRIP = NO;
				DEBUG_INFORMATION_FORMAT = "dwarf-with-dsym";
				ENABLE_NS_ASSERTIONS = NO;
				ENABLE_STRICT_OBJC_MSGSEND = YES;
				ENABLE_USER_SCRIPT_SANDBOXING = YES;
				GCC_C_LANGUAGE_STANDARD = gnu17;
				GCC_NO_COMMON_BLOCKS = YES;
				GCC_WARN_64_TO_32_BIT_CONVERSION = YES;
				GCC_WARN_ABOUT_RETURN_TYPE = YES_ERROR;
				GCC_WARN_UNDECLARED_SELECTOR = YES;
				GCC_WARN_UNINITIALIZED_AUTOS = YES_AGGRESSIVE;
				GCC_WARN_UNUSED_FUNCTION = YES;
				GCC_WARN_UNUSED_VARIABLE = YES;
				IPHONEOS_DEPLOYMENT_TARGET = 17.5;
				LOCALIZATION_PREFERS_STRING_CATALOGS = YES;
				MTL_ENABLE_DEBUG_INFO = NO;
				MTL_FAST_MATH = YES;
				SDKROOT = iphoneos;
				SWIFT_COMPILATION_MODE = wholemodule;
				VALIDATE_PRODUCT = YES;
			};
			name = Release;
		};
		16A24A6F2BFCD7A700B028A8 /* Debug */ = {
			isa = XCBuildConfiguration;
			buildSettings = {
				ASSETCATALOG_COMPILER_APPICON_NAME = AppIcon;
				ASSETCATALOG_COMPILER_GLOBAL_ACCENT_COLOR_NAME = AccentColor;
				CODE_SIGN_STYLE = Automatic;
				CURRENT_PROJECT_VERSION = 1;
				DEVELOPMENT_TEAM = Y6Z9S947T8;
				GENERATE_INFOPLIST_FILE = YES;
				INFOPLIST_FILE = toduck/App/Info.plist;
				INFOPLIST_KEY_LSApplicationCategoryType = "public.app-category.lifestyle";
				INFOPLIST_KEY_UIApplicationSupportsIndirectInputEvents = YES;
				INFOPLIST_KEY_UILaunchStoryboardName = LaunchScreen;
				INFOPLIST_KEY_UIStatusBarStyle = "";
				INFOPLIST_KEY_UISupportedInterfaceOrientations = UIInterfaceOrientationPortrait;
				INFOPLIST_KEY_UISupportedInterfaceOrientations_iPad = "UIInterfaceOrientationLandscapeLeft UIInterfaceOrientationLandscapeRight UIInterfaceOrientationPortrait UIInterfaceOrientationPortraitUpsideDown";
				IPHONEOS_DEPLOYMENT_TARGET = 15.0;
				LD_RUNPATH_SEARCH_PATHS = (
					"$(inherited)",
					"@executable_path/Frameworks",
				);
				MARKETING_VERSION = 1.0;
				PRODUCT_BUNDLE_IDENTIFIER = to.duck.toduck;
				PRODUCT_NAME = "$(TARGET_NAME)";
				SUPPORTED_PLATFORMS = "iphoneos iphonesimulator";
				SUPPORTS_MACCATALYST = NO;
				SUPPORTS_MAC_DESIGNED_FOR_IPHONE_IPAD = NO;
				SUPPORTS_XR_DESIGNED_FOR_IPHONE_IPAD = NO;
				SWIFT_EMIT_LOC_STRINGS = YES;
				SWIFT_VERSION = 5.0;
				TARGETED_DEVICE_FAMILY = 1;
			};
			name = Debug;
		};
		16A24A702BFCD7A700B028A8 /* Release */ = {
			isa = XCBuildConfiguration;
			buildSettings = {
				ASSETCATALOG_COMPILER_APPICON_NAME = AppIcon;
				ASSETCATALOG_COMPILER_GLOBAL_ACCENT_COLOR_NAME = AccentColor;
				CODE_SIGN_STYLE = Automatic;
				CURRENT_PROJECT_VERSION = 1;
				DEVELOPMENT_TEAM = Y6Z9S947T8;
				GENERATE_INFOPLIST_FILE = YES;
				INFOPLIST_FILE = toduck/App/Info.plist;
				INFOPLIST_KEY_LSApplicationCategoryType = "public.app-category.lifestyle";
				INFOPLIST_KEY_UIApplicationSupportsIndirectInputEvents = YES;
				INFOPLIST_KEY_UILaunchStoryboardName = LaunchScreen;
				INFOPLIST_KEY_UIStatusBarStyle = "";
				INFOPLIST_KEY_UISupportedInterfaceOrientations = UIInterfaceOrientationPortrait;
				INFOPLIST_KEY_UISupportedInterfaceOrientations_iPad = "UIInterfaceOrientationLandscapeLeft UIInterfaceOrientationLandscapeRight UIInterfaceOrientationPortrait UIInterfaceOrientationPortraitUpsideDown";
				IPHONEOS_DEPLOYMENT_TARGET = 15.0;
				LD_RUNPATH_SEARCH_PATHS = (
					"$(inherited)",
					"@executable_path/Frameworks",
				);
				MARKETING_VERSION = 1.0;
				PRODUCT_BUNDLE_IDENTIFIER = to.duck.toduck;
				PRODUCT_NAME = "$(TARGET_NAME)";
				SUPPORTED_PLATFORMS = "iphoneos iphonesimulator";
				SUPPORTS_MACCATALYST = NO;
				SUPPORTS_MAC_DESIGNED_FOR_IPHONE_IPAD = NO;
				SUPPORTS_XR_DESIGNED_FOR_IPHONE_IPAD = NO;
				SWIFT_EMIT_LOC_STRINGS = YES;
				SWIFT_VERSION = 5.0;
				TARGETED_DEVICE_FAMILY = 1;
			};
			name = Release;
		};
		16A24A722BFCD7A700B028A8 /* Debug */ = {
			isa = XCBuildConfiguration;
			buildSettings = {
				ALWAYS_EMBED_SWIFT_STANDARD_LIBRARIES = YES;
				BUNDLE_LOADER = "$(TEST_HOST)";
				CODE_SIGN_STYLE = Automatic;
				CURRENT_PROJECT_VERSION = 1;
				DEVELOPMENT_TEAM = Y6Z9S947T8;
				GENERATE_INFOPLIST_FILE = YES;
				IPHONEOS_DEPLOYMENT_TARGET = 17.5;
				MARKETING_VERSION = 1.0;
				PRODUCT_BUNDLE_IDENTIFIER = to.duck.toduckTests;
				PRODUCT_NAME = "$(TARGET_NAME)";
				SWIFT_EMIT_LOC_STRINGS = NO;
				SWIFT_VERSION = 5.0;
				TARGETED_DEVICE_FAMILY = "1,2";
				TEST_HOST = "$(BUILT_PRODUCTS_DIR)/toduck.app/$(BUNDLE_EXECUTABLE_FOLDER_PATH)/toduck";
			};
			name = Debug;
		};
		16A24A732BFCD7A700B028A8 /* Release */ = {
			isa = XCBuildConfiguration;
			buildSettings = {
				ALWAYS_EMBED_SWIFT_STANDARD_LIBRARIES = YES;
				BUNDLE_LOADER = "$(TEST_HOST)";
				CODE_SIGN_STYLE = Automatic;
				CURRENT_PROJECT_VERSION = 1;
				DEVELOPMENT_TEAM = Y6Z9S947T8;
				GENERATE_INFOPLIST_FILE = YES;
				IPHONEOS_DEPLOYMENT_TARGET = 17.5;
				MARKETING_VERSION = 1.0;
				PRODUCT_BUNDLE_IDENTIFIER = to.duck.toduckTests;
				PRODUCT_NAME = "$(TARGET_NAME)";
				SWIFT_EMIT_LOC_STRINGS = NO;
				SWIFT_VERSION = 5.0;
				TARGETED_DEVICE_FAMILY = "1,2";
				TEST_HOST = "$(BUILT_PRODUCTS_DIR)/toduck.app/$(BUNDLE_EXECUTABLE_FOLDER_PATH)/toduck";
			};
			name = Release;
		};
		16A24A752BFCD7A700B028A8 /* Debug */ = {
			isa = XCBuildConfiguration;
			buildSettings = {
				ALWAYS_EMBED_SWIFT_STANDARD_LIBRARIES = YES;
				CODE_SIGN_STYLE = Automatic;
				CURRENT_PROJECT_VERSION = 1;
				DEVELOPMENT_TEAM = Y6Z9S947T8;
				GENERATE_INFOPLIST_FILE = YES;
				MARKETING_VERSION = 1.0;
				PRODUCT_BUNDLE_IDENTIFIER = to.duck.toduckUITests;
				PRODUCT_NAME = "$(TARGET_NAME)";
				SWIFT_EMIT_LOC_STRINGS = NO;
				SWIFT_VERSION = 5.0;
				TARGETED_DEVICE_FAMILY = "1,2";
				TEST_TARGET_NAME = toduck;
			};
			name = Debug;
		};
		16A24A762BFCD7A700B028A8 /* Release */ = {
			isa = XCBuildConfiguration;
			buildSettings = {
				ALWAYS_EMBED_SWIFT_STANDARD_LIBRARIES = YES;
				CODE_SIGN_STYLE = Automatic;
				CURRENT_PROJECT_VERSION = 1;
				DEVELOPMENT_TEAM = Y6Z9S947T8;
				GENERATE_INFOPLIST_FILE = YES;
				MARKETING_VERSION = 1.0;
				PRODUCT_BUNDLE_IDENTIFIER = to.duck.toduckUITests;
				PRODUCT_NAME = "$(TARGET_NAME)";
				SWIFT_EMIT_LOC_STRINGS = NO;
				SWIFT_VERSION = 5.0;
				TARGETED_DEVICE_FAMILY = "1,2";
				TEST_TARGET_NAME = toduck;
			};
			name = Release;
		};
/* End XCBuildConfiguration section */

/* Begin XCConfigurationList section */
		16A24A3F2BFCD7A500B028A8 /* Build configuration list for PBXProject "toduck" */ = {
			isa = XCConfigurationList;
			buildConfigurations = (
				16A24A6C2BFCD7A700B028A8 /* Debug */,
				16A24A6D2BFCD7A700B028A8 /* Release */,
			);
			defaultConfigurationIsVisible = 0;
			defaultConfigurationName = Release;
		};
		16A24A6E2BFCD7A700B028A8 /* Build configuration list for PBXNativeTarget "toduck" */ = {
			isa = XCConfigurationList;
			buildConfigurations = (
				16A24A6F2BFCD7A700B028A8 /* Debug */,
				16A24A702BFCD7A700B028A8 /* Release */,
			);
			defaultConfigurationIsVisible = 0;
			defaultConfigurationName = Release;
		};
		16A24A712BFCD7A700B028A8 /* Build configuration list for PBXNativeTarget "toduckTests" */ = {
			isa = XCConfigurationList;
			buildConfigurations = (
				16A24A722BFCD7A700B028A8 /* Debug */,
				16A24A732BFCD7A700B028A8 /* Release */,
			);
			defaultConfigurationIsVisible = 0;
			defaultConfigurationName = Release;
		};
		16A24A742BFCD7A700B028A8 /* Build configuration list for PBXNativeTarget "toduckUITests" */ = {
			isa = XCConfigurationList;
			buildConfigurations = (
				16A24A752BFCD7A700B028A8 /* Debug */,
				16A24A762BFCD7A700B028A8 /* Release */,
			);
			defaultConfigurationIsVisible = 0;
			defaultConfigurationName = Release;
		};
/* End XCConfigurationList section */

/* Begin XCRemoteSwiftPackageReference section */
		16A24A772BFCE17600B028A8 /* XCRemoteSwiftPackageReference "OHHTTPStubs" */ = {
			isa = XCRemoteSwiftPackageReference;
			repositoryURL = "https://github.com/AliSoftware/OHHTTPStubs";
			requirement = {
				kind = exactVersion;
				version = 9.1.0;
			};
		};
		16A24A7C2BFCE19D00B028A8 /* XCRemoteSwiftPackageReference "SnapKit" */ = {
			isa = XCRemoteSwiftPackageReference;
			repositoryURL = "https://github.com/SnapKit/SnapKit.git";
			requirement = {
				kind = exactVersion;
				version = 5.7.1;
			};
		};
		16A24A7F2BFCE1AF00B028A8 /* XCRemoteSwiftPackageReference "Then" */ = {
			isa = XCRemoteSwiftPackageReference;
			repositoryURL = "https://github.com/devxoul/Then.git";
			requirement = {
				kind = exactVersion;
				version = 3.0.0;
			};
		};
		16A24A822BFCE1CD00B028A8 /* XCRemoteSwiftPackageReference "Kingfisher" */ = {
			isa = XCRemoteSwiftPackageReference;
			repositoryURL = "https://github.com/onevcat/Kingfisher.git";
			requirement = {
				kind = exactVersion;
				version = 7.11.0;
			};
		};
		16A24A852BFCE23800B028A8 /* XCRemoteSwiftPackageReference "Moya" */ = {
			isa = XCRemoteSwiftPackageReference;
			repositoryURL = "https://github.com/Moya/Moya";
			requirement = {
				kind = exactVersion;
				version = 15.0.3;
			};
		};
/* End XCRemoteSwiftPackageReference section */

/* Begin XCSwiftPackageProductDependency section */
		16A24A782BFCE17600B028A8 /* OHHTTPStubs */ = {
			isa = XCSwiftPackageProductDependency;
			package = 16A24A772BFCE17600B028A8 /* XCRemoteSwiftPackageReference "OHHTTPStubs" */;
			productName = OHHTTPStubs;
		};
		16A24A7A2BFCE17600B028A8 /* OHHTTPStubsSwift */ = {
			isa = XCSwiftPackageProductDependency;
			package = 16A24A772BFCE17600B028A8 /* XCRemoteSwiftPackageReference "OHHTTPStubs" */;
			productName = OHHTTPStubsSwift;
		};
		16A24A7D2BFCE19D00B028A8 /* SnapKit */ = {
			isa = XCSwiftPackageProductDependency;
			package = 16A24A7C2BFCE19D00B028A8 /* XCRemoteSwiftPackageReference "SnapKit" */;
			productName = SnapKit;
		};
		16A24A802BFCE1AF00B028A8 /* Then */ = {
			isa = XCSwiftPackageProductDependency;
			package = 16A24A7F2BFCE1AF00B028A8 /* XCRemoteSwiftPackageReference "Then" */;
			productName = Then;
		};
		16A24A832BFCE1CD00B028A8 /* Kingfisher */ = {
			isa = XCSwiftPackageProductDependency;
			package = 16A24A822BFCE1CD00B028A8 /* XCRemoteSwiftPackageReference "Kingfisher" */;
			productName = Kingfisher;
		};
		16A24A862BFCE23800B028A8 /* CombineMoya */ = {
			isa = XCSwiftPackageProductDependency;
			package = 16A24A852BFCE23800B028A8 /* XCRemoteSwiftPackageReference "Moya" */;
			productName = CombineMoya;
		};
		16A24A882BFCE23800B028A8 /* Moya */ = {
			isa = XCSwiftPackageProductDependency;
			package = 16A24A852BFCE23800B028A8 /* XCRemoteSwiftPackageReference "Moya" */;
			productName = Moya;
		};
/* End XCSwiftPackageProductDependency section */
	};
	rootObject = 16A24A3C2BFCD7A500B028A8 /* Project object */;
}
